
Microsoft Visual Studio Solution File, Format Version 12.00
# Visual Studio Version 16
VisualStudioVersion = 16.0.29306.81
MinimumVisualStudioVersion = 10.0.40219.1
Project("{FAE04EC0-301F-11D3-BF4B-00C04F79EFBC}") = "Algo_JT_TextSortLinq", "Algo_JT_TextSortLinq\Algo_JT_TextSortLinq.csproj", "{BB9943F0-497B-4F0B-95E0-ED4E2D6D138D}"
EndProject
Global
	GlobalSection(SolutionConfigurationPlatforms) = preSolution
		Debug|Any CPU = Debug|Any CPU
		Release|Any CPU = Release|Any CPU
	EndGlobalSection
	GlobalSection(ProjectConfigurationPlatforms) = postSolution
		{BB9943F0-497B-4F0B-95E0-ED4E2D6D138D}.Debug|Any CPU.ActiveCfg = Debug|Any CPU
		{BB9943F0-497B-4F0B-95E0-ED4E2D6D138D}.Debug|Any CPU.Build.0 = Debug|Any CPU
		{BB9943F0-497B-4F0B-95E0-ED4E2D6D138D}.Release|Any CPU.ActiveCfg = Release|Any CPU
		{BB9943F0-497B-4F0B-95E0-ED4E2D6D138D}.Release|Any CPU.Build.0 = Release|Any CPU
	EndGlobalSection
	GlobalSection(SolutionProperties) = preSolution
		HideSolutionNode = FALSE
	EndGlobalSection
	GlobalSection(ExtensibilityGlobals) = postSolution
		SolutionGuid = {4BAAC9C9-9878-4589-A67F-D88868AAE877}
	EndGlobalSection
EndGlobal
